<?xml version="1.0" encoding="utf-8"?>
<Project ToolsVersion="4.0" xmlns="http://schemas.microsoft.com/developer/msbuild/2003">
  <ItemGroup>
    <Filter Include="Header Files">
      <UniqueIdentifier>{5b06e1bc-46a4-4331-b0c7-2357c8cbc73f}</UniqueIdentifier>
      <Extensions>h;hpp;hxx;hm;inl;inc</Extensions>
    </Filter>
    <Filter Include="Resource Files">
      <UniqueIdentifier>{b46d3f1e-a2a4-49fb-974b-15bbf43be45a}</UniqueIdentifier>
      <Extensions>rc;ico;cur;bmp;dlg;rc2;rct;bin;rgs;gif;jpg;jpeg;jpe</Extensions>
    </Filter>
    <Filter Include="Source Files">
      <UniqueIdentifier>{650c005e-6a63-46f5-a0ea-d0e4e5bb3020}</UniqueIdentifier>
      <Extensions>cpp;c;cxx;def;odl;idl;hpj;bat;asm</Extensions>
    </Filter>
  </ItemGroup>
  <ItemGroup>
    <ClCompile Include="Export.c">
      <Filter>Source Files</Filter>
    </ClCompile>
    <ClCompile Include="UnZipUtils.c">
      <Filter>Source Files</Filter>
    </ClCompile>
    <ClCompile Include="ZipUtils.c">
      <Filter>Source Files</Filter>
    </ClCompile>
  </ItemGroup>
  <ItemGroup>
    <None Include="Export.def">
      <Filter>Source Files</Filter>
    </None>
  </ItemGroup>
</Project>